{
  "name": "ciijeegoomii63",
  "lockfileVersion": 3,
  "requires": true,
  "packages": {
    "": {
      "dependencies": {
        "fetch-intercept": "^2.4.0",
        "whatwg-fetch": "^3.6.20"
      }
    },
    "node_modules/fetch-intercept": {
      "version": "2.4.0",
      "resolved": "https://registry.npmjs.org/fetch-intercept/-/fetch-intercept-2.4.0.tgz",
      "integrity": "sha512-BPZ2LM9Dh1ua2ovQf03N6rhWg1qxdVD5qK/G4llvcemt6M+jjxCuIDxJ+6IiG+uz//3UQmgfKEv0gOGvYIxZ7g=="
    },
    "node_modules/whatwg-fetch": {
      "version": "3.6.20",
      "resolved": "https://registry.npmjs.org/whatwg-fetch/-/whatwg-fetch-3.6.20.tgz",
      "integrity": "sha512-EqhiFU6daOA8kpjOWTL0olhVOF3i7OrFzSYiGsEMB8GcXS+RrzauAERX65xMeNWVqxA6HXH2m69Z9LaKKdisfg=="
    }
  }
}
